
Microsoft Visual Studio Solution File, Format Version 12.00
# Visual Studio Version 17
VisualStudioVersion = 17.2.32505.173
MinimumVisualStudioVersion = 10.0.40219.1
Project("{8BC9CEB8-8B4A-11D0-8D11-00A0C91BC942}") = "Simple Chess", "Simple Chess\Simple Chess.vcxproj", "{17DCA0F6-0CC6-4050-9C02-2E19C25FBD66}"
EndProject
Global
	GlobalSection(SolutionConfigurationPlatforms) = preSolution
		Debug|x64 = Debug|x64
		Debug|x86 = Debug|x86
		Release|x64 = Release|x64
		Release|x86 = Release|x86
	EndGlobalSection
	GlobalSection(ProjectConfigurationPlatforms) = postSolution
		{17DCA0F6-0CC6-4050-9C02-2E19C25FBD66}.Debug|x64.ActiveCfg = Debug|x64
		{17DCA0F6-0CC6-4050-9C02-2E19C25FBD66}.Debug|x64.Build.0 = Debug|x64
		{17DCA0F6-0CC6-4050-9C02-2E19C25FBD66}.Debug|x86.ActiveCfg = Debug|Win32
		{17DCA0F6-0CC6-4050-9C02-2E19C25FBD66}.Debug|x86.Build.0 = Debug|Win32
		{17DCA0F6-0CC6-4050-9C02-2E19C25FBD66}.Release|x64.ActiveCfg = Release|x64
		{17DCA0F6-0CC6-4050-9C02-2E19C25FBD66}.Release|x64.Build.0 = Release|x64
		{17DCA0F6-0CC6-4050-9C02-2E19C25FBD66}.Release|x86.ActiveCfg = Release|Win32
		{17DCA0F6-0CC6-4050-9C02-2E19C25FBD66}.Release|x86.Build.0 = Release|Win32
	EndGlobalSection
	GlobalSection(SolutionProperties) = preSolution
		HideSolutionNode = FALSE
	EndGlobalSection
	GlobalSection(ExtensibilityGlobals) = postSolution
		SolutionGuid = {60040512-63D9-465F-A124-FE38B88C6766}
	EndGlobalSection
EndGlobal
